
Microsoft Visual Studio Solution File, Format Version 12.00
# Visual Studio Version 16
VisualStudioVersion = 16.0.31129.286
MinimumVisualStudioVersion = 10.0.40219.1
Project("{9A19103F-16F7-4668-BE54-9A1E7A4F7556}") = "Collective Development", "Collective Development\Collective Development.csproj", "{04C463FF-A988-4C2F-9024-B7C4D1F1DDE7}"
EndProject
Project("{FAE04EC0-301F-11D3-BF4B-00C04F79EFBC}") = "Collective DevelopmentTests1", "Collective DevelopmentTests1\Collective DevelopmentTests1.csproj", "{2C724A14-1F97-4AFC-9DA2-9F4C5E593E5A}"
EndProject
Global
	GlobalSection(SolutionConfigurationPlatforms) = preSolution
		Debug|Any CPU = Debug|Any CPU
		Release|Any CPU = Release|Any CPU
	EndGlobalSection
	GlobalSection(ProjectConfigurationPlatforms) = postSolution
		{04C463FF-A988-4C2F-9024-B7C4D1F1DDE7}.Debug|Any CPU.ActiveCfg = Debug|Any CPU
		{04C463FF-A988-4C2F-9024-B7C4D1F1DDE7}.Debug|Any CPU.Build.0 = Debug|Any CPU
		{04C463FF-A988-4C2F-9024-B7C4D1F1DDE7}.Release|Any CPU.ActiveCfg = Release|Any CPU
		{04C463FF-A988-4C2F-9024-B7C4D1F1DDE7}.Release|Any CPU.Build.0 = Release|Any CPU
		{2C724A14-1F97-4AFC-9DA2-9F4C5E593E5A}.Debug|Any CPU.ActiveCfg = Debug|Any CPU
		{2C724A14-1F97-4AFC-9DA2-9F4C5E593E5A}.Debug|Any CPU.Build.0 = Debug|Any CPU
		{2C724A14-1F97-4AFC-9DA2-9F4C5E593E5A}.Release|Any CPU.ActiveCfg = Release|Any CPU
		{2C724A14-1F97-4AFC-9DA2-9F4C5E593E5A}.Release|Any CPU.Build.0 = Release|Any CPU
	EndGlobalSection
	GlobalSection(SolutionProperties) = preSolution
		HideSolutionNode = FALSE
	EndGlobalSection
	GlobalSection(ExtensibilityGlobals) = postSolution
		SolutionGuid = {5755518B-1ABB-48A4-9CDD-3F211C9D3CEB}
	EndGlobalSection
EndGlobal
